
Microsoft Visual Studio Solution File, Format Version 11.00
# Visual Studio 2010
Project("{FAE04EC0-301F-11D3-BF4B-00C04F79EFBC}") = "ParisVR-Merged", "Assembly-CSharp.csproj", "{ECEFD149-54C7-FAE0-DEE8-A4BCCB92F1A0}"
EndProject
Project("{FAE04EC0-301F-11D3-BF4B-00C04F79EFBC}") = "ParisVR-Merged", "Assembly-CSharp-Editor.csproj", "{154C8159-688E-B077-9233-D1FB17C7DAA7}"
EndProject
Global
	GlobalSection(SolutionConfigurationPlatforms) = preSolution
		Debug|Any CPU = Debug|Any CPU
		Release|Any CPU = Release|Any CPU
	EndGlobalSection
	GlobalSection(ProjectConfigurationPlatforms) = postSolution
		{ECEFD149-54C7-FAE0-DEE8-A4BCCB92F1A0}.Debug|Any CPU.ActiveCfg = Debug|Any CPU
		{ECEFD149-54C7-FAE0-DEE8-A4BCCB92F1A0}.Debug|Any CPU.Build.0 = Debug|Any CPU
		{ECEFD149-54C7-FAE0-DEE8-A4BCCB92F1A0}.Release|Any CPU.ActiveCfg = Release|Any CPU
		{ECEFD149-54C7-FAE0-DEE8-A4BCCB92F1A0}.Release|Any CPU.Build.0 = Release|Any CPU
		{154C8159-688E-B077-9233-D1FB17C7DAA7}.Debug|Any CPU.ActiveCfg = Debug|Any CPU
		{154C8159-688E-B077-9233-D1FB17C7DAA7}.Debug|Any CPU.Build.0 = Debug|Any CPU
		{154C8159-688E-B077-9233-D1FB17C7DAA7}.Release|Any CPU.ActiveCfg = Release|Any CPU
		{154C8159-688E-B077-9233-D1FB17C7DAA7}.Release|Any CPU.Build.0 = Release|Any CPU
	EndGlobalSection
	GlobalSection(SolutionProperties) = preSolution
		HideSolutionNode = FALSE
	EndGlobalSection
	GlobalSection(MonoDevelopProperties) = preSolution
		StartupItem = Assembly-CSharp.csproj
	EndGlobalSection
EndGlobal
