
Microsoft Visual Studio Solution File, Format Version 11.00
# Visual Studio 2010
Project("{FAE04EC0-301F-11D3-BF4B-00C04F79EFBC}") = "ParisVR-DesktopVRFinalMerge", "Assembly-CSharp.csproj", "{7A1E38CE-B927-BA7E-D3FC-101665F6CAE2}"
EndProject
Project("{FAE04EC0-301F-11D3-BF4B-00C04F79EFBC}") = "ParisVR-DesktopVRFinalMerge", "Assembly-CSharp-Editor.csproj", "{86DF47F5-08F3-FB07-BD6A-896191485DDB}"
EndProject
Global
	GlobalSection(SolutionConfigurationPlatforms) = preSolution
		Debug|Any CPU = Debug|Any CPU
		Release|Any CPU = Release|Any CPU
	EndGlobalSection
	GlobalSection(ProjectConfigurationPlatforms) = postSolution
		{7A1E38CE-B927-BA7E-D3FC-101665F6CAE2}.Debug|Any CPU.ActiveCfg = Debug|Any CPU
		{7A1E38CE-B927-BA7E-D3FC-101665F6CAE2}.Debug|Any CPU.Build.0 = Debug|Any CPU
		{7A1E38CE-B927-BA7E-D3FC-101665F6CAE2}.Release|Any CPU.ActiveCfg = Release|Any CPU
		{7A1E38CE-B927-BA7E-D3FC-101665F6CAE2}.Release|Any CPU.Build.0 = Release|Any CPU
		{86DF47F5-08F3-FB07-BD6A-896191485DDB}.Debug|Any CPU.ActiveCfg = Debug|Any CPU
		{86DF47F5-08F3-FB07-BD6A-896191485DDB}.Debug|Any CPU.Build.0 = Debug|Any CPU
		{86DF47F5-08F3-FB07-BD6A-896191485DDB}.Release|Any CPU.ActiveCfg = Release|Any CPU
		{86DF47F5-08F3-FB07-BD6A-896191485DDB}.Release|Any CPU.Build.0 = Release|Any CPU
	EndGlobalSection
	GlobalSection(SolutionProperties) = preSolution
		HideSolutionNode = FALSE
	EndGlobalSection
	GlobalSection(MonoDevelopProperties) = preSolution
		StartupItem = Assembly-CSharp.csproj
	EndGlobalSection
EndGlobal
