
Microsoft Visual Studio Solution File, Format Version 11.00
# Visual Studio 2010
Project("{FAE04EC0-301F-11D3-BF4B-00C04F79EFBC}") = "ParisNOVR", "Assembly-CSharp.csproj", "{2E6B22F9-81BD-55BC-F12C-FC8B93EB1B63}"
EndProject
Project("{FAE04EC0-301F-11D3-BF4B-00C04F79EFBC}") = "ParisNOVR", "Assembly-CSharp-Editor.csproj", "{28DD3B09-E13F-B2FE-A038-6971C8B40CB6}"
EndProject
Global
	GlobalSection(SolutionConfigurationPlatforms) = preSolution
		Debug|Any CPU = Debug|Any CPU
		Release|Any CPU = Release|Any CPU
	EndGlobalSection
	GlobalSection(ProjectConfigurationPlatforms) = postSolution
		{2E6B22F9-81BD-55BC-F12C-FC8B93EB1B63}.Debug|Any CPU.ActiveCfg = Debug|Any CPU
		{2E6B22F9-81BD-55BC-F12C-FC8B93EB1B63}.Debug|Any CPU.Build.0 = Debug|Any CPU
		{2E6B22F9-81BD-55BC-F12C-FC8B93EB1B63}.Release|Any CPU.ActiveCfg = Release|Any CPU
		{2E6B22F9-81BD-55BC-F12C-FC8B93EB1B63}.Release|Any CPU.Build.0 = Release|Any CPU
		{28DD3B09-E13F-B2FE-A038-6971C8B40CB6}.Debug|Any CPU.ActiveCfg = Debug|Any CPU
		{28DD3B09-E13F-B2FE-A038-6971C8B40CB6}.Debug|Any CPU.Build.0 = Debug|Any CPU
		{28DD3B09-E13F-B2FE-A038-6971C8B40CB6}.Release|Any CPU.ActiveCfg = Release|Any CPU
		{28DD3B09-E13F-B2FE-A038-6971C8B40CB6}.Release|Any CPU.Build.0 = Release|Any CPU
	EndGlobalSection
	GlobalSection(SolutionProperties) = preSolution
		HideSolutionNode = FALSE
	EndGlobalSection
	GlobalSection(MonoDevelopProperties) = preSolution
		StartupItem = Assembly-CSharp.csproj
	EndGlobalSection
EndGlobal
